
Microsoft Visual Studio Solution File, Format Version 12.00
# Visual Studio Version 17
VisualStudioVersion = 17.3.32819.101
MinimumVisualStudioVersion = 10.0.40219.1
Project("{9A19103F-16F7-4668-BE54-9A1E7A4F7556}") = "WebApp", "WebApp\WebApp.csproj", "{3B7125C0-724C-4AD7-8965-CAFD23218F4B}"
EndProject
Project("{2150E333-8FDC-42A3-9474-1A3956D46DE8}") = "scr", "scr", "{9C91CE81-1726-47B6-A8AE-47B5CA9F4D35}"
EndProject
Project("{2150E333-8FDC-42A3-9474-1A3956D46DE8}") = "tests", "tests", "{9B6C4F58-2C32-4226-BA5D-0B9569143EB7}"
EndProject
Project("{FAE04EC0-301F-11D3-BF4B-00C04F79EFBC}") = "UnitTests", "UnitTests\UnitTests.csproj", "{CD9A87C6-3A74-4F14-ABCC-F1B1516B2226}"
EndProject
Project("{FAE04EC0-301F-11D3-BF4B-00C04F79EFBC}") = "Domain", "Domain\Domain.csproj", "{538C88CD-8EA5-483E-9C4F-15449E07D13F}"
EndProject
Project("{FAE04EC0-301F-11D3-BF4B-00C04F79EFBC}") = "Application", "Application\Application.csproj", "{805F35C3-3B6B-483B-9787-703624B2BFD3}"
EndProject
Project("{FAE04EC0-301F-11D3-BF4B-00C04F79EFBC}") = "Infrastructure", "Infrastructure\Infrastructure.csproj", "{F9E2AA07-5091-47BA-9E8C-75675769FC48}"
EndProject
Global
	GlobalSection(SolutionConfigurationPlatforms) = preSolution
		Debug|Any CPU = Debug|Any CPU
		Release|Any CPU = Release|Any CPU
	EndGlobalSection
	GlobalSection(ProjectConfigurationPlatforms) = postSolution
		{3B7125C0-724C-4AD7-8965-CAFD23218F4B}.Debug|Any CPU.ActiveCfg = Debug|Any CPU
		{3B7125C0-724C-4AD7-8965-CAFD23218F4B}.Debug|Any CPU.Build.0 = Debug|Any CPU
		{3B7125C0-724C-4AD7-8965-CAFD23218F4B}.Release|Any CPU.ActiveCfg = Release|Any CPU
		{3B7125C0-724C-4AD7-8965-CAFD23218F4B}.Release|Any CPU.Build.0 = Release|Any CPU
		{CD9A87C6-3A74-4F14-ABCC-F1B1516B2226}.Debug|Any CPU.ActiveCfg = Debug|Any CPU
		{CD9A87C6-3A74-4F14-ABCC-F1B1516B2226}.Debug|Any CPU.Build.0 = Debug|Any CPU
		{CD9A87C6-3A74-4F14-ABCC-F1B1516B2226}.Release|Any CPU.ActiveCfg = Release|Any CPU
		{CD9A87C6-3A74-4F14-ABCC-F1B1516B2226}.Release|Any CPU.Build.0 = Release|Any CPU
		{538C88CD-8EA5-483E-9C4F-15449E07D13F}.Debug|Any CPU.ActiveCfg = Debug|Any CPU
		{538C88CD-8EA5-483E-9C4F-15449E07D13F}.Debug|Any CPU.Build.0 = Debug|Any CPU
		{538C88CD-8EA5-483E-9C4F-15449E07D13F}.Release|Any CPU.ActiveCfg = Release|Any CPU
		{538C88CD-8EA5-483E-9C4F-15449E07D13F}.Release|Any CPU.Build.0 = Release|Any CPU
		{805F35C3-3B6B-483B-9787-703624B2BFD3}.Debug|Any CPU.ActiveCfg = Debug|Any CPU
		{805F35C3-3B6B-483B-9787-703624B2BFD3}.Debug|Any CPU.Build.0 = Debug|Any CPU
		{805F35C3-3B6B-483B-9787-703624B2BFD3}.Release|Any CPU.ActiveCfg = Release|Any CPU
		{805F35C3-3B6B-483B-9787-703624B2BFD3}.Release|Any CPU.Build.0 = Release|Any CPU
		{F9E2AA07-5091-47BA-9E8C-75675769FC48}.Debug|Any CPU.ActiveCfg = Debug|Any CPU
		{F9E2AA07-5091-47BA-9E8C-75675769FC48}.Debug|Any CPU.Build.0 = Debug|Any CPU
		{F9E2AA07-5091-47BA-9E8C-75675769FC48}.Release|Any CPU.ActiveCfg = Release|Any CPU
		{F9E2AA07-5091-47BA-9E8C-75675769FC48}.Release|Any CPU.Build.0 = Release|Any CPU
	EndGlobalSection
	GlobalSection(SolutionProperties) = preSolution
		HideSolutionNode = FALSE
	EndGlobalSection
	GlobalSection(NestedProjects) = preSolution
		{3B7125C0-724C-4AD7-8965-CAFD23218F4B} = {9C91CE81-1726-47B6-A8AE-47B5CA9F4D35}
		{CD9A87C6-3A74-4F14-ABCC-F1B1516B2226} = {9B6C4F58-2C32-4226-BA5D-0B9569143EB7}
		{538C88CD-8EA5-483E-9C4F-15449E07D13F} = {9C91CE81-1726-47B6-A8AE-47B5CA9F4D35}
		{805F35C3-3B6B-483B-9787-703624B2BFD3} = {9C91CE81-1726-47B6-A8AE-47B5CA9F4D35}
		{F9E2AA07-5091-47BA-9E8C-75675769FC48} = {9C91CE81-1726-47B6-A8AE-47B5CA9F4D35}
	EndGlobalSection
	GlobalSection(ExtensibilityGlobals) = postSolution
		SolutionGuid = {4CC6366B-1A29-426D-8269-81E3E00DB71D}
	EndGlobalSection
EndGlobal
